# THIS IS AN AUTOGENERATED FILE. DO NOT EDIT THIS FILE DIRECTLY.
# yarn lockfile v1


immupdate@1.3.0:
  version "1.3.0"
  resolved "https://registry.yarnpkg.com/immupdate/-/immupdate-1.3.0.tgz#3070d0279823d29c70168a18334c892fced43a89"

space-lift@0.8.4:
  version "0.8.4"
  resolved "https://registry.yarnpkg.com/space-lift/-/space-lift-0.8.4.tgz#d9c8b6d63b16eac476ce5b3969b68948d174844d"
  dependencies:
    immupdate "1.3.0"

typescript@3.2.1:
  version "3.2.1"
  resolved "https://registry.yarnpkg.com/typescript/-/typescript-3.2.1.tgz#0b7a04b8cf3868188de914d9568bd030f0c56192"
